
Microsoft Visual Studio Solution File, Format Version 12.00
# Visual Studio Version 17
VisualStudioVersion = 17.11.35219.272
MinimumVisualStudioVersion = 10.0.40219.1
Project("{2150E333-8FDC-42A3-9474-1A3956D46DE8}") = "FrontEnd", "FrontEnd", "{999EFA3A-81B8-4D12-97BE-41864126B2D6}"
EndProject
Project("{2150E333-8FDC-42A3-9474-1A3956D46DE8}") = "Gateway", "Gateway", "{F7023736-F769-4C2F-B93A-CC04821B669B}"
EndProject
Project("{2150E333-8FDC-42A3-9474-1A3956D46DE8}") = "Integration", "Integration", "{48B56B09-8598-4F60-AD3B-ACEA0B7DF383}"
EndProject
Project("{2150E333-8FDC-42A3-9474-1A3956D46DE8}") = "Services", "Services", "{EB44A204-F65D-41BC-B26B-3EFD0FD3A7A4}"
EndProject
Project("{FAE04EC0-301F-11D3-BF4B-00C04F79EFBC}") = "Mango.Services.CouponAPI", "Mango.Services.CouponAPI\Mango.Services.CouponAPI.csproj", "{4F311342-8C9C-43A8-9F8C-C78FF4229229}"
EndProject
Project("{FAE04EC0-301F-11D3-BF4B-00C04F79EFBC}") = "Mango.Web", "Mango.Web\Mango.Web.csproj", "{B0EB70F1-ABEF-4AFA-A376-70A2E58D1FB0}"
EndProject
Global
	GlobalSection(SolutionConfigurationPlatforms) = preSolution
		Debug|Any CPU = Debug|Any CPU
		Release|Any CPU = Release|Any CPU
	EndGlobalSection
	GlobalSection(ProjectConfigurationPlatforms) = postSolution
		{4F311342-8C9C-43A8-9F8C-C78FF4229229}.Debug|Any CPU.ActiveCfg = Debug|Any CPU
		{4F311342-8C9C-43A8-9F8C-C78FF4229229}.Debug|Any CPU.Build.0 = Debug|Any CPU
		{4F311342-8C9C-43A8-9F8C-C78FF4229229}.Release|Any CPU.ActiveCfg = Release|Any CPU
		{4F311342-8C9C-43A8-9F8C-C78FF4229229}.Release|Any CPU.Build.0 = Release|Any CPU
		{B0EB70F1-ABEF-4AFA-A376-70A2E58D1FB0}.Debug|Any CPU.ActiveCfg = Debug|Any CPU
		{B0EB70F1-ABEF-4AFA-A376-70A2E58D1FB0}.Debug|Any CPU.Build.0 = Debug|Any CPU
		{B0EB70F1-ABEF-4AFA-A376-70A2E58D1FB0}.Release|Any CPU.ActiveCfg = Release|Any CPU
		{B0EB70F1-ABEF-4AFA-A376-70A2E58D1FB0}.Release|Any CPU.Build.0 = Release|Any CPU
	EndGlobalSection
	GlobalSection(SolutionProperties) = preSolution
		HideSolutionNode = FALSE
	EndGlobalSection
	GlobalSection(NestedProjects) = preSolution
		{4F311342-8C9C-43A8-9F8C-C78FF4229229} = {EB44A204-F65D-41BC-B26B-3EFD0FD3A7A4}
		{B0EB70F1-ABEF-4AFA-A376-70A2E58D1FB0} = {999EFA3A-81B8-4D12-97BE-41864126B2D6}
	EndGlobalSection
	GlobalSection(ExtensibilityGlobals) = postSolution
		SolutionGuid = {2082A0D7-FDC6-4F0E-BA13-AF1A4D6FB12B}
	EndGlobalSection
EndGlobal
